
Microsoft Visual Studio Solution File, Format Version 12.00
# Visual Studio Version 17
VisualStudioVersion = 17.11.35208.52
MinimumVisualStudioVersion = 10.0.40219.1
Project("{FAE04EC0-301F-11D3-BF4B-00C04F79EFBC}") = "myNewTools", "myNewTools.csproj", "{A0F36EA9-BF04-4CD4-9722-8326E701B5FB}"
EndProject
Global
	GlobalSection(SolutionConfigurationPlatforms) = preSolution
		Debug|Any CPU = Debug|Any CPU
		Release|Any CPU = Release|Any CPU
	EndGlobalSection
	GlobalSection(ProjectConfigurationPlatforms) = postSolution
		{A0F36EA9-BF04-4CD4-9722-8326E701B5FB}.Debug|Any CPU.ActiveCfg = Debug|Any CPU
		{A0F36EA9-BF04-4CD4-9722-8326E701B5FB}.Debug|Any CPU.Build.0 = Debug|Any CPU
		{A0F36EA9-BF04-4CD4-9722-8326E701B5FB}.Release|Any CPU.ActiveCfg = Release|Any CPU
		{A0F36EA9-BF04-4CD4-9722-8326E701B5FB}.Release|Any CPU.Build.0 = Release|Any CPU
	EndGlobalSection
	GlobalSection(SolutionProperties) = preSolution
		HideSolutionNode = FALSE
	EndGlobalSection
	GlobalSection(ExtensibilityGlobals) = postSolution
		SolutionGuid = {210E0FD5-4A2B-4B90-B44C-6E2E906CB3DE}
	EndGlobalSection
EndGlobal
